
Microsoft Visual Studio Solution File, Format Version 12.00
# Visual Studio 14
VisualStudioVersion = 14.0.24720.0
MinimumVisualStudioVersion = 10.0.40219.1
Project("{2150E333-8FDC-42A3-9474-1A3956D46DE8}") = "src", "src", "{C7E0D5DC-79DB-4EB9-B99B-F49ED0A1DEE2}"
EndProject
Project("{FAE04EC0-301F-11D3-BF4B-00C04F79EFBC}") = "ReduxSharp", "src\ReduxSharp\ReduxSharp.csproj", "{8F277B33-9730-4EC1-9118-B88DBE485964}"
EndProject
Project("{2150E333-8FDC-42A3-9474-1A3956D46DE8}") = "samples", "samples", "{C90B8933-E545-41F2-BB12-037B0922C389}"
EndProject
Project("{FAE04EC0-301F-11D3-BF4B-00C04F79EFBC}") = "Counter", "samples\Counter\Counter.csproj", "{D12DBDCD-9F4A-447A-881A-9D33F758F7C2}"
EndProject
Global
	GlobalSection(SolutionConfigurationPlatforms) = preSolution
		Debug|Any CPU = Debug|Any CPU
		Release|Any CPU = Release|Any CPU
	EndGlobalSection
	GlobalSection(ProjectConfigurationPlatforms) = postSolution
		{8F277B33-9730-4EC1-9118-B88DBE485964}.Debug|Any CPU.ActiveCfg = Debug|Any CPU
		{8F277B33-9730-4EC1-9118-B88DBE485964}.Debug|Any CPU.Build.0 = Debug|Any CPU
		{8F277B33-9730-4EC1-9118-B88DBE485964}.Release|Any CPU.ActiveCfg = Release|Any CPU
		{8F277B33-9730-4EC1-9118-B88DBE485964}.Release|Any CPU.Build.0 = Release|Any CPU
		{D12DBDCD-9F4A-447A-881A-9D33F758F7C2}.Debug|Any CPU.ActiveCfg = Debug|Any CPU
		{D12DBDCD-9F4A-447A-881A-9D33F758F7C2}.Debug|Any CPU.Build.0 = Debug|Any CPU
		{D12DBDCD-9F4A-447A-881A-9D33F758F7C2}.Release|Any CPU.ActiveCfg = Release|Any CPU
		{D12DBDCD-9F4A-447A-881A-9D33F758F7C2}.Release|Any CPU.Build.0 = Release|Any CPU
	EndGlobalSection
	GlobalSection(SolutionProperties) = preSolution
		HideSolutionNode = FALSE
	EndGlobalSection
	GlobalSection(NestedProjects) = preSolution
		{8F277B33-9730-4EC1-9118-B88DBE485964} = {C7E0D5DC-79DB-4EB9-B99B-F49ED0A1DEE2}
		{D12DBDCD-9F4A-447A-881A-9D33F758F7C2} = {C90B8933-E545-41F2-BB12-037B0922C389}
	EndGlobalSection
EndGlobal
