
Microsoft Visual Studio Solution File, Format Version 12.00
# Visual Studio Version 16
VisualStudioVersion = 16.0.29215.179
MinimumVisualStudioVersion = 10.0.40219.1
Project("{2150E333-8FDC-42A3-9474-1A3956D46DE8}") = "src", "src", "{9A93F44F-AF49-44A1-91BC-FE1B749347B9}"
EndProject
Project("{2150E333-8FDC-42A3-9474-1A3956D46DE8}") = "test", "test", "{286AC2DC-C0C2-4647-91B1-8EDA41CB708B}"
EndProject
Project("{9A19103F-16F7-4668-BE54-9A1E7A4F7556}") = "ReduxSharp", "src\ReduxSharp\ReduxSharp.csproj", "{9A677932-F4D0-4710-9466-E860EE1C072F}"
EndProject
Project("{9A19103F-16F7-4668-BE54-9A1E7A4F7556}") = "ReduxSharp.Tests", "test\ReduxSharp.Tests\ReduxSharp.Tests.csproj", "{CC63C199-1CCB-4B45-962E-2878A8268668}"
EndProject
Project("{2150E333-8FDC-42A3-9474-1A3956D46DE8}") = "examples", "examples", "{DFB60075-EA61-484B-91AB-8EBA7CAE71B1}"
EndProject
Project("{FAE04EC0-301F-11D3-BF4B-00C04F79EFBC}") = "Counter", "examples\Counter\Counter.csproj", "{D12DBDCD-9F4A-447A-881A-9D33F758F7C2}"
EndProject
Project("{FAE04EC0-301F-11D3-BF4B-00C04F79EFBC}") = "RxCounter", "examples\RxCounter\RxCounter.csproj", "{454251DA-14E9-4179-B0AA-16CF01D5D773}"
EndProject
Project("{FAE04EC0-301F-11D3-BF4B-00C04F79EFBC}") = "TodoList", "examples\TodoList\TodoList.csproj", "{2DB0EC1B-5BB4-4C52-886B-A2B50AF87C10}"
EndProject
Project("{9A19103F-16F7-4668-BE54-9A1E7A4F7556}") = "Benchmark", "examples\Benchmark\Benchmark.csproj", "{26382A1D-DCB1-4CB3-8B86-C11CE6341E84}"
EndProject
Project("{FAE04EC0-301F-11D3-BF4B-00C04F79EFBC}") = "HelloWorld", "examples\HelloWorld\HelloWorld.csproj", "{D25B0DB2-A9F0-4237-8F82-AB3ACB9EBF68}"
EndProject
Global
	GlobalSection(SolutionConfigurationPlatforms) = preSolution
		Debug|Any CPU = Debug|Any CPU
		Release|Any CPU = Release|Any CPU
	EndGlobalSection
	GlobalSection(ProjectConfigurationPlatforms) = postSolution
		{9A677932-F4D0-4710-9466-E860EE1C072F}.Debug|Any CPU.ActiveCfg = Debug|Any CPU
		{9A677932-F4D0-4710-9466-E860EE1C072F}.Debug|Any CPU.Build.0 = Debug|Any CPU
		{9A677932-F4D0-4710-9466-E860EE1C072F}.Release|Any CPU.ActiveCfg = Release|Any CPU
		{9A677932-F4D0-4710-9466-E860EE1C072F}.Release|Any CPU.Build.0 = Release|Any CPU
		{CC63C199-1CCB-4B45-962E-2878A8268668}.Debug|Any CPU.ActiveCfg = Debug|Any CPU
		{CC63C199-1CCB-4B45-962E-2878A8268668}.Debug|Any CPU.Build.0 = Debug|Any CPU
		{CC63C199-1CCB-4B45-962E-2878A8268668}.Release|Any CPU.ActiveCfg = Release|Any CPU
		{CC63C199-1CCB-4B45-962E-2878A8268668}.Release|Any CPU.Build.0 = Release|Any CPU
		{D12DBDCD-9F4A-447A-881A-9D33F758F7C2}.Debug|Any CPU.ActiveCfg = Debug|Any CPU
		{D12DBDCD-9F4A-447A-881A-9D33F758F7C2}.Debug|Any CPU.Build.0 = Debug|Any CPU
		{D12DBDCD-9F4A-447A-881A-9D33F758F7C2}.Release|Any CPU.ActiveCfg = Release|Any CPU
		{D12DBDCD-9F4A-447A-881A-9D33F758F7C2}.Release|Any CPU.Build.0 = Release|Any CPU
		{454251DA-14E9-4179-B0AA-16CF01D5D773}.Debug|Any CPU.ActiveCfg = Debug|Any CPU
		{454251DA-14E9-4179-B0AA-16CF01D5D773}.Debug|Any CPU.Build.0 = Debug|Any CPU
		{454251DA-14E9-4179-B0AA-16CF01D5D773}.Release|Any CPU.ActiveCfg = Release|Any CPU
		{454251DA-14E9-4179-B0AA-16CF01D5D773}.Release|Any CPU.Build.0 = Release|Any CPU
		{2DB0EC1B-5BB4-4C52-886B-A2B50AF87C10}.Debug|Any CPU.ActiveCfg = Debug|Any CPU
		{2DB0EC1B-5BB4-4C52-886B-A2B50AF87C10}.Debug|Any CPU.Build.0 = Debug|Any CPU
		{2DB0EC1B-5BB4-4C52-886B-A2B50AF87C10}.Release|Any CPU.ActiveCfg = Release|Any CPU
		{2DB0EC1B-5BB4-4C52-886B-A2B50AF87C10}.Release|Any CPU.Build.0 = Release|Any CPU
		{26382A1D-DCB1-4CB3-8B86-C11CE6341E84}.Debug|Any CPU.ActiveCfg = Debug|Any CPU
		{26382A1D-DCB1-4CB3-8B86-C11CE6341E84}.Debug|Any CPU.Build.0 = Debug|Any CPU
		{26382A1D-DCB1-4CB3-8B86-C11CE6341E84}.Release|Any CPU.ActiveCfg = Release|Any CPU
		{26382A1D-DCB1-4CB3-8B86-C11CE6341E84}.Release|Any CPU.Build.0 = Release|Any CPU
		{D25B0DB2-A9F0-4237-8F82-AB3ACB9EBF68}.Debug|Any CPU.ActiveCfg = Debug|Any CPU
		{D25B0DB2-A9F0-4237-8F82-AB3ACB9EBF68}.Debug|Any CPU.Build.0 = Debug|Any CPU
		{D25B0DB2-A9F0-4237-8F82-AB3ACB9EBF68}.Release|Any CPU.ActiveCfg = Release|Any CPU
		{D25B0DB2-A9F0-4237-8F82-AB3ACB9EBF68}.Release|Any CPU.Build.0 = Release|Any CPU
	EndGlobalSection
	GlobalSection(SolutionProperties) = preSolution
		HideSolutionNode = FALSE
	EndGlobalSection
	GlobalSection(NestedProjects) = preSolution
		{9A677932-F4D0-4710-9466-E860EE1C072F} = {9A93F44F-AF49-44A1-91BC-FE1B749347B9}
		{CC63C199-1CCB-4B45-962E-2878A8268668} = {286AC2DC-C0C2-4647-91B1-8EDA41CB708B}
		{D12DBDCD-9F4A-447A-881A-9D33F758F7C2} = {DFB60075-EA61-484B-91AB-8EBA7CAE71B1}
		{454251DA-14E9-4179-B0AA-16CF01D5D773} = {DFB60075-EA61-484B-91AB-8EBA7CAE71B1}
		{2DB0EC1B-5BB4-4C52-886B-A2B50AF87C10} = {DFB60075-EA61-484B-91AB-8EBA7CAE71B1}
		{26382A1D-DCB1-4CB3-8B86-C11CE6341E84} = {DFB60075-EA61-484B-91AB-8EBA7CAE71B1}
		{D25B0DB2-A9F0-4237-8F82-AB3ACB9EBF68} = {DFB60075-EA61-484B-91AB-8EBA7CAE71B1}
	EndGlobalSection
	GlobalSection(ExtensibilityGlobals) = postSolution
		SolutionGuid = {731F7BEE-0664-4AAC-899D-503866A27C69}
	EndGlobalSection
EndGlobal
